
Microsoft Visual Studio Solution File, Format Version 12.00
# Visual Studio Version 17
VisualStudioVersion = 17.6.33815.320
MinimumVisualStudioVersion = 10.0.40219.1
Project("{54A90642-561A-4BB1-A94E-469ADEE60C69}") = "angularapp", "angularapp\angularapp.esproj", "{C7EA13B3-2768-4BDC-B942-3308ABCF0E19}"
EndProject
Project("{FAE04EC0-301F-11D3-BF4B-00C04F79EFBC}") = "Project.API", "Project.API\Project.API.csproj", "{D464D101-6A1D-408E-8D15-D1FD1751F053}"
EndProject
Project("{FAE04EC0-301F-11D3-BF4B-00C04F79EFBC}") = "Project.DataAccessLayer", "Project.DataAccessLayer\Project.DataAccessLayer.csproj", "{A834E18D-E75B-4E36-9A93-64E28C846DE2}"
EndProject
Project("{FAE04EC0-301F-11D3-BF4B-00C04F79EFBC}") = "Project.BusinessLayer", "Project.BusinessLayer\Project.BusinessLayer.csproj", "{CDC38A30-51A5-4893-A4CC-31C0FFB04210}"
EndProject
Project("{FAE04EC0-301F-11D3-BF4B-00C04F79EFBC}") = "Project.Domain", "Project.Domain\Project.Domain.csproj", "{FD05338C-FB51-4425-A6BE-88A157767CDB}"
EndProject
Project("{FAE04EC0-301F-11D3-BF4B-00C04F79EFBC}") = "Project.Migrations", "Project.Migrations\Project.Migrations.csproj", "{42082AB3-F9D2-4DD8-ADAB-BE5600F83FDA}"
EndProject
Global
	GlobalSection(SolutionConfigurationPlatforms) = preSolution
		Debug|Any CPU = Debug|Any CPU
		Release|Any CPU = Release|Any CPU
	EndGlobalSection
	GlobalSection(ProjectConfigurationPlatforms) = postSolution
		{C7EA13B3-2768-4BDC-B942-3308ABCF0E19}.Debug|Any CPU.ActiveCfg = Debug|Any CPU
		{C7EA13B3-2768-4BDC-B942-3308ABCF0E19}.Debug|Any CPU.Build.0 = Debug|Any CPU
		{C7EA13B3-2768-4BDC-B942-3308ABCF0E19}.Debug|Any CPU.Deploy.0 = Debug|Any CPU
		{C7EA13B3-2768-4BDC-B942-3308ABCF0E19}.Release|Any CPU.ActiveCfg = Release|Any CPU
		{C7EA13B3-2768-4BDC-B942-3308ABCF0E19}.Release|Any CPU.Build.0 = Release|Any CPU
		{C7EA13B3-2768-4BDC-B942-3308ABCF0E19}.Release|Any CPU.Deploy.0 = Release|Any CPU
		{D464D101-6A1D-408E-8D15-D1FD1751F053}.Debug|Any CPU.ActiveCfg = Debug|Any CPU
		{D464D101-6A1D-408E-8D15-D1FD1751F053}.Debug|Any CPU.Build.0 = Debug|Any CPU
		{D464D101-6A1D-408E-8D15-D1FD1751F053}.Release|Any CPU.ActiveCfg = Release|Any CPU
		{D464D101-6A1D-408E-8D15-D1FD1751F053}.Release|Any CPU.Build.0 = Release|Any CPU
		{A834E18D-E75B-4E36-9A93-64E28C846DE2}.Debug|Any CPU.ActiveCfg = Debug|Any CPU
		{A834E18D-E75B-4E36-9A93-64E28C846DE2}.Debug|Any CPU.Build.0 = Debug|Any CPU
		{A834E18D-E75B-4E36-9A93-64E28C846DE2}.Release|Any CPU.ActiveCfg = Release|Any CPU
		{A834E18D-E75B-4E36-9A93-64E28C846DE2}.Release|Any CPU.Build.0 = Release|Any CPU
		{CDC38A30-51A5-4893-A4CC-31C0FFB04210}.Debug|Any CPU.ActiveCfg = Debug|Any CPU
		{CDC38A30-51A5-4893-A4CC-31C0FFB04210}.Debug|Any CPU.Build.0 = Debug|Any CPU
		{CDC38A30-51A5-4893-A4CC-31C0FFB04210}.Release|Any CPU.ActiveCfg = Release|Any CPU
		{CDC38A30-51A5-4893-A4CC-31C0FFB04210}.Release|Any CPU.Build.0 = Release|Any CPU
		{FD05338C-FB51-4425-A6BE-88A157767CDB}.Debug|Any CPU.ActiveCfg = Debug|Any CPU
		{FD05338C-FB51-4425-A6BE-88A157767CDB}.Debug|Any CPU.Build.0 = Debug|Any CPU
		{FD05338C-FB51-4425-A6BE-88A157767CDB}.Release|Any CPU.ActiveCfg = Release|Any CPU
		{FD05338C-FB51-4425-A6BE-88A157767CDB}.Release|Any CPU.Build.0 = Release|Any CPU
		{42082AB3-F9D2-4DD8-ADAB-BE5600F83FDA}.Debug|Any CPU.ActiveCfg = Debug|Any CPU
		{42082AB3-F9D2-4DD8-ADAB-BE5600F83FDA}.Debug|Any CPU.Build.0 = Debug|Any CPU
		{42082AB3-F9D2-4DD8-ADAB-BE5600F83FDA}.Release|Any CPU.ActiveCfg = Release|Any CPU
		{42082AB3-F9D2-4DD8-ADAB-BE5600F83FDA}.Release|Any CPU.Build.0 = Release|Any CPU
	EndGlobalSection
	GlobalSection(SolutionProperties) = preSolution
		HideSolutionNode = FALSE
	EndGlobalSection
	GlobalSection(ExtensibilityGlobals) = postSolution
		SolutionGuid = {B6834067-2F00-4C11-B5F6-3B8FA2324FD4}
	EndGlobalSection
EndGlobal
